
Microsoft Visual Studio Solution File, Format Version 12.00
# Visual Studio Version 17
VisualStudioVersion = 17.0.32014.148
MinimumVisualStudioVersion = 10.0.40219.1
Project("{9A19103F-16F7-4668-BE54-9A1E7A4F7556}") = "AuthServer.API", "AuthServer.API\AuthServer.API.csproj", "{B06115FD-AB17-4354-A56E-8A3F7D0FE199}"
EndProject
Project("{9A19103F-16F7-4668-BE54-9A1E7A4F7556}") = "AuthServer.Data", "AuthServer.Data\AuthServer.Data.csproj", "{C874C8F4-EA44-4EA8-90E5-60330FE63C20}"
EndProject
Project("{9A19103F-16F7-4668-BE54-9A1E7A4F7556}") = "AuthServer.Service", "AuthServer.Service\AuthServer.Service.csproj", "{67F8D140-97E3-4CAD-8537-DEBC83A6AA03}"
EndProject
Project("{9A19103F-16F7-4668-BE54-9A1E7A4F7556}") = "MiniApp1.API", "MiniApp1.API\MiniApp1.API.csproj", "{FE2C412A-2381-4F90-B587-F74325A0401A}"
EndProject
Project("{9A19103F-16F7-4668-BE54-9A1E7A4F7556}") = "MiniApp2.API", "MiniApp2.API\MiniApp2.API.csproj", "{FCD0B633-2232-441F-97A2-7C85F14C7FD1}"
EndProject
Project("{9A19103F-16F7-4668-BE54-9A1E7A4F7556}") = "MiniApp3.API", "MiniApp3.API\MiniApp3.API.csproj", "{F5144048-24F1-4D83-959F-1F779EA4E27A}"
EndProject
Project("{9A19103F-16F7-4668-BE54-9A1E7A4F7556}") = "SharedLibrary", "SharedLibrary\SharedLibrary.csproj", "{5061363A-E0CE-4AB5-B2F3-0D92398E93FB}"
EndProject
Project("{FAE04EC0-301F-11D3-BF4B-00C04F79EFBC}") = "AuthServer.Core", "AuthServer.Core\AuthServer.Core.csproj", "{A331C38C-9692-4E3F-A8B8-D71684410AEE}"
EndProject
Global
	GlobalSection(SolutionConfigurationPlatforms) = preSolution
		Debug|Any CPU = Debug|Any CPU
		Release|Any CPU = Release|Any CPU
	EndGlobalSection
	GlobalSection(ProjectConfigurationPlatforms) = postSolution
		{B06115FD-AB17-4354-A56E-8A3F7D0FE199}.Debug|Any CPU.ActiveCfg = Debug|Any CPU
		{B06115FD-AB17-4354-A56E-8A3F7D0FE199}.Debug|Any CPU.Build.0 = Debug|Any CPU
		{B06115FD-AB17-4354-A56E-8A3F7D0FE199}.Release|Any CPU.ActiveCfg = Release|Any CPU
		{B06115FD-AB17-4354-A56E-8A3F7D0FE199}.Release|Any CPU.Build.0 = Release|Any CPU
		{C874C8F4-EA44-4EA8-90E5-60330FE63C20}.Debug|Any CPU.ActiveCfg = Debug|Any CPU
		{C874C8F4-EA44-4EA8-90E5-60330FE63C20}.Debug|Any CPU.Build.0 = Debug|Any CPU
		{C874C8F4-EA44-4EA8-90E5-60330FE63C20}.Release|Any CPU.ActiveCfg = Release|Any CPU
		{C874C8F4-EA44-4EA8-90E5-60330FE63C20}.Release|Any CPU.Build.0 = Release|Any CPU
		{67F8D140-97E3-4CAD-8537-DEBC83A6AA03}.Debug|Any CPU.ActiveCfg = Debug|Any CPU
		{67F8D140-97E3-4CAD-8537-DEBC83A6AA03}.Debug|Any CPU.Build.0 = Debug|Any CPU
		{67F8D140-97E3-4CAD-8537-DEBC83A6AA03}.Release|Any CPU.ActiveCfg = Release|Any CPU
		{67F8D140-97E3-4CAD-8537-DEBC83A6AA03}.Release|Any CPU.Build.0 = Release|Any CPU
		{FE2C412A-2381-4F90-B587-F74325A0401A}.Debug|Any CPU.ActiveCfg = Debug|Any CPU
		{FE2C412A-2381-4F90-B587-F74325A0401A}.Debug|Any CPU.Build.0 = Debug|Any CPU
		{FE2C412A-2381-4F90-B587-F74325A0401A}.Release|Any CPU.ActiveCfg = Release|Any CPU
		{FE2C412A-2381-4F90-B587-F74325A0401A}.Release|Any CPU.Build.0 = Release|Any CPU
		{FCD0B633-2232-441F-97A2-7C85F14C7FD1}.Debug|Any CPU.ActiveCfg = Debug|Any CPU
		{FCD0B633-2232-441F-97A2-7C85F14C7FD1}.Debug|Any CPU.Build.0 = Debug|Any CPU
		{FCD0B633-2232-441F-97A2-7C85F14C7FD1}.Release|Any CPU.ActiveCfg = Release|Any CPU
		{FCD0B633-2232-441F-97A2-7C85F14C7FD1}.Release|Any CPU.Build.0 = Release|Any CPU
		{F5144048-24F1-4D83-959F-1F779EA4E27A}.Debug|Any CPU.ActiveCfg = Debug|Any CPU
		{F5144048-24F1-4D83-959F-1F779EA4E27A}.Debug|Any CPU.Build.0 = Debug|Any CPU
		{F5144048-24F1-4D83-959F-1F779EA4E27A}.Release|Any CPU.ActiveCfg = Release|Any CPU
		{F5144048-24F1-4D83-959F-1F779EA4E27A}.Release|Any CPU.Build.0 = Release|Any CPU
		{5061363A-E0CE-4AB5-B2F3-0D92398E93FB}.Debug|Any CPU.ActiveCfg = Debug|Any CPU
		{5061363A-E0CE-4AB5-B2F3-0D92398E93FB}.Debug|Any CPU.Build.0 = Debug|Any CPU
		{5061363A-E0CE-4AB5-B2F3-0D92398E93FB}.Release|Any CPU.ActiveCfg = Release|Any CPU
		{5061363A-E0CE-4AB5-B2F3-0D92398E93FB}.Release|Any CPU.Build.0 = Release|Any CPU
		{A331C38C-9692-4E3F-A8B8-D71684410AEE}.Debug|Any CPU.ActiveCfg = Debug|Any CPU
		{A331C38C-9692-4E3F-A8B8-D71684410AEE}.Debug|Any CPU.Build.0 = Debug|Any CPU
		{A331C38C-9692-4E3F-A8B8-D71684410AEE}.Release|Any CPU.ActiveCfg = Release|Any CPU
		{A331C38C-9692-4E3F-A8B8-D71684410AEE}.Release|Any CPU.Build.0 = Release|Any CPU
	EndGlobalSection
	GlobalSection(SolutionProperties) = preSolution
		HideSolutionNode = FALSE
	EndGlobalSection
	GlobalSection(ExtensibilityGlobals) = postSolution
		SolutionGuid = {2D556066-7F8C-4042-AE8C-E7AF4C9606FC}
	EndGlobalSection
EndGlobal
