
Microsoft Visual Studio Solution File, Format Version 12.00
# Visual Studio Version 17
VisualStudioVersion = 17.0.32014.148
MinimumVisualStudioVersion = 10.0.40219.1
Project("{FAE04EC0-301F-11D3-BF4B-00C04F79EFBC}") = "AuthServer.API", "AuthServer.API\AuthServer.API.csproj", "{B06115FD-AB17-4354-A56E-8A3F7D0FE199}"
EndProject
Global
	GlobalSection(SolutionConfigurationPlatforms) = preSolution
		Debug|Any CPU = Debug|Any CPU
		Release|Any CPU = Release|Any CPU
	EndGlobalSection
	GlobalSection(ProjectConfigurationPlatforms) = postSolution
		{B06115FD-AB17-4354-A56E-8A3F7D0FE199}.Debug|Any CPU.ActiveCfg = Debug|Any CPU
		{B06115FD-AB17-4354-A56E-8A3F7D0FE199}.Debug|Any CPU.Build.0 = Debug|Any CPU
		{B06115FD-AB17-4354-A56E-8A3F7D0FE199}.Release|Any CPU.ActiveCfg = Release|Any CPU
		{B06115FD-AB17-4354-A56E-8A3F7D0FE199}.Release|Any CPU.Build.0 = Release|Any CPU
	EndGlobalSection
	GlobalSection(SolutionProperties) = preSolution
		HideSolutionNode = FALSE
	EndGlobalSection
	GlobalSection(ExtensibilityGlobals) = postSolution
		SolutionGuid = {2D556066-7F8C-4042-AE8C-E7AF4C9606FC}
	EndGlobalSection
EndGlobal
